// !$*UTF8*$!
{
	archiveVersion = 1;
	classes = {
	};
	objectVersion = 56;
	objects = {

/* Begin PBXBuildFile section */
		4A05E8732F79607300B5F334 /* StoreKit.framework in Frameworks */ = {isa = PBXBuildFile; fileRef = 4A05E8722F79607300B5F334 /* StoreKit.framework */; };
		4A05E8752F7960FB00B5F334 /* SplitCamX.storekit in Resources */ = {isa = PBXBuildFile; fileRef = 4A05E8742F7960FB00B5F334 /* SplitCamX.storekit */; };
		A10001 /* SplitCamApp.swift in Sources */ = {isa = PBXBuildFile; fileRef = B10001 /* SplitCamApp.swift */; };
		A10002 /* AppCoordinator.swift in Sources */ = {isa = PBXBuildFile; fileRef = B10002 /* AppCoordinator.swift */; };
		A10003 /* CameraEngine.swift in Sources */ = {isa = PBXBuildFile; fileRef = B10003 /* CameraEngine.swift */; };
		A10004 /* SplitLayoutEngine.swift in Sources */ = {isa = PBXBuildFile; fileRef = B10004 /* SplitLayoutEngine.swift */; };
		A10005 /* SplitPreviewView.swift in Sources */ = {isa = PBXBuildFile; fileRef = B10005 /* SplitPreviewView.swift */; };
		A10006 /* VideoComposer.swift in Sources */ = {isa = PBXBuildFile; fileRef = B10006 /* VideoComposer.swift */; };
		A10007 /* MediaImporter.swift in Sources */ = {isa = PBXBuildFile; fileRef = B10007 /* MediaImporter.swift */; };
		A10008 /* HomeView.swift in Sources */ = {isa = PBXBuildFile; fileRef = B10008 /* HomeView.swift */; };
		A10009 /* CameraView.swift in Sources */ = {isa = PBXBuildFile; fileRef = B10009 /* CameraView.swift */; };
		A10010 /* CameraViewModel.swift in Sources */ = {isa = PBXBuildFile; fileRef = B10010 /* CameraViewModel.swift */; };
		A10011 /* EditorView.swift in Sources */ = {isa = PBXBuildFile; fileRef = B10011 /* EditorView.swift */; };
		A10012 /* EditorViewModel.swift in Sources */ = {isa = PBXBuildFile; fileRef = B10012 /* EditorViewModel.swift */; };
		A10013 /* ExportView.swift in Sources */ = {isa = PBXBuildFile; fileRef = B10013 /* ExportView.swift */; };
		A10014 /* ExportViewModel.swift in Sources */ = {isa = PBXBuildFile; fileRef = B10014 /* ExportViewModel.swift */; };
		A10015 /* SampleBufferDisplayView.swift in Sources */ = {isa = PBXBuildFile; fileRef = B10015 /* SampleBufferDisplayView.swift */; };
		A10016 /* VideoPlayerView.swift in Sources */ = {isa = PBXBuildFile; fileRef = B10016 /* VideoPlayerView.swift */; };
		A10017 /* ShareSheet.swift in Sources */ = {isa = PBXBuildFile; fileRef = B10017 /* ShareSheet.swift */; };
		A10018 /* Color+Hex.swift in Sources */ = {isa = PBXBuildFile; fileRef = B10018 /* Color+Hex.swift */; };
		A10019 /* DeviceCapability.swift in Sources */ = {isa = PBXBuildFile; fileRef = B10019 /* DeviceCapability.swift */; };
		A10020 /* Assets.xcassets in Resources */ = {isa = PBXBuildFile; fileRef = B10020 /* Assets.xcassets */; };
		A10021 /* MediaStore.swift in Sources */ = {isa = PBXBuildFile; fileRef = B10022 /* MediaStore.swift */; };
		A10022 /* GalleryView.swift in Sources */ = {isa = PBXBuildFile; fileRef = B10023 /* GalleryView.swift */; };
		A10023 /* SubscriptionManager.swift in Sources */ = {isa = PBXBuildFile; fileRef = B10024 /* SubscriptionManager.swift */; };
		A10024 /* PaywallView.swift in Sources */ = {isa = PBXBuildFile; fileRef = B10025 /* PaywallView.swift */; };
		A10025 /* String+L10n.swift in Sources */ = {isa = PBXBuildFile; fileRef = B10027 /* String+L10n.swift */; };
		A10026 /* Localizable.strings in Resources */ = {isa = PBXBuildFile; fileRef = V10001 /* Localizable.strings */; };
		A10027 /* PrivacyInfo.xcprivacy in Resources */ = {isa = PBXBuildFile; fileRef = B10028 /* PrivacyInfo.xcprivacy */; };
		A10028 /* InfoPlist.strings in Resources */ = {isa = PBXBuildFile; fileRef = V10004 /* InfoPlist.strings */; };
/* End PBXBuildFile section */

/* Begin PBXFileReference section */
		4A05E8702F79604800B5F334 /* SplitCamRelease.entitlements */ = {isa = PBXFileReference; lastKnownFileType = text.plist.entitlements; path = SplitCamRelease.entitlements; sourceTree = "<group>"; };
		4A05E8722F79607300B5F334 /* StoreKit.framework */ = {isa = PBXFileReference; lastKnownFileType = wrapper.framework; name = StoreKit.framework; path = System/Library/Frameworks/StoreKit.framework; sourceTree = SDKROOT; };
		4A05E8742F7960FB00B5F334 /* SplitCamX.storekit */ = {isa = PBXFileReference; lastKnownFileType = text; path = SplitCamX.storekit; sourceTree = "<group>"; };
		4A21732D2F74072D0017A261 /* SplitCamProducts.storekit */ = {isa = PBXFileReference; lastKnownFileType = text; name = SplitCamProducts.storekit; path = Core/Subscription/SplitCamProducts.storekit; sourceTree = "<group>"; };
		B10000 /* SplitCam.app */ = {isa = PBXFileReference; explicitFileType = wrapper.application; includeInIndex = 0; path = SplitCam.app; sourceTree = BUILT_PRODUCTS_DIR; };
		B10001 /* SplitCamApp.swift */ = {isa = PBXFileReference; lastKnownFileType = sourcecode.swift; path = SplitCamApp.swift; sourceTree = "<group>"; };
		B10002 /* AppCoordinator.swift */ = {isa = PBXFileReference; lastKnownFileType = sourcecode.swift; path = AppCoordinator.swift; sourceTree = "<group>"; };
		B10003 /* CameraEngine.swift */ = {isa = PBXFileReference; lastKnownFileType = sourcecode.swift; path = CameraEngine.swift; sourceTree = "<group>"; };
		B10004 /* SplitLayoutEngine.swift */ = {isa = PBXFileReference; lastKnownFileType = sourcecode.swift; path = SplitLayoutEngine.swift; sourceTree = "<group>"; };
		B10005 /* SplitPreviewView.swift */ = {isa = PBXFileReference; lastKnownFileType = sourcecode.swift; path = SplitPreviewView.swift; sourceTree = "<group>"; };
		B10006 /* VideoComposer.swift */ = {isa = PBXFileReference; lastKnownFileType = sourcecode.swift; path = VideoComposer.swift; sourceTree = "<group>"; };
		B10007 /* MediaImporter.swift */ = {isa = PBXFileReference; lastKnownFileType = sourcecode.swift; path = MediaImporter.swift; sourceTree = "<group>"; };
		B10008 /* HomeView.swift */ = {isa = PBXFileReference; lastKnownFileType = sourcecode.swift; path = HomeView.swift; sourceTree = "<group>"; };
		B10009 /* CameraView.swift */ = {isa = PBXFileReference; lastKnownFileType = sourcecode.swift; path = CameraView.swift; sourceTree = "<group>"; };
		B10010 /* CameraViewModel.swift */ = {isa = PBXFileReference; lastKnownFileType = sourcecode.swift; path = CameraViewModel.swift; sourceTree = "<group>"; };
		B10011 /* EditorView.swift */ = {isa = PBXFileReference; lastKnownFileType = sourcecode.swift; path = EditorView.swift; sourceTree = "<group>"; };
		B10012 /* EditorViewModel.swift */ = {isa = PBXFileReference; lastKnownFileType = sourcecode.swift; path = EditorViewModel.swift; sourceTree = "<group>"; };
		B10013 /* ExportView.swift */ = {isa = PBXFileReference; lastKnownFileType = sourcecode.swift; path = ExportView.swift; sourceTree = "<group>"; };
		B10014 /* ExportViewModel.swift */ = {isa = PBXFileReference; lastKnownFileType = sourcecode.swift; path = ExportViewModel.swift; sourceTree = "<group>"; };
		B10015 /* SampleBufferDisplayView.swift */ = {isa = PBXFileReference; lastKnownFileType = sourcecode.swift; path = SampleBufferDisplayView.swift; sourceTree = "<group>"; };
		B10016 /* VideoPlayerView.swift */ = {isa = PBXFileReference; lastKnownFileType = sourcecode.swift; path = VideoPlayerView.swift; sourceTree = "<group>"; };
		B10017 /* ShareSheet.swift */ = {isa = PBXFileReference; lastKnownFileType = sourcecode.swift; path = ShareSheet.swift; sourceTree = "<group>"; };
		B10018 /* Color+Hex.swift */ = {isa = PBXFileReference; lastKnownFileType = sourcecode.swift; path = "Color+Hex.swift"; sourceTree = "<group>"; };
		B10019 /* DeviceCapability.swift */ = {isa = PBXFileReference; lastKnownFileType = sourcecode.swift; path = DeviceCapability.swift; sourceTree = "<group>"; };
		B10020 /* Assets.xcassets */ = {isa = PBXFileReference; lastKnownFileType = folder.assetcatalog; path = Assets.xcassets; sourceTree = "<group>"; };
		B10021 /* Info.plist */ = {isa = PBXFileReference; lastKnownFileType = text.plist.xml; path = Info.plist; sourceTree = "<group>"; };
		B10022 /* MediaStore.swift */ = {isa = PBXFileReference; lastKnownFileType = sourcecode.swift; path = MediaStore.swift; sourceTree = "<group>"; };
		B10023 /* GalleryView.swift */ = {isa = PBXFileReference; lastKnownFileType = sourcecode.swift; path = GalleryView.swift; sourceTree = "<group>"; };
		B10024 /* SubscriptionManager.swift */ = {isa = PBXFileReference; lastKnownFileType = sourcecode.swift; path = SubscriptionManager.swift; sourceTree = "<group>"; };
		B10025 /* PaywallView.swift */ = {isa = PBXFileReference; lastKnownFileType = sourcecode.swift; path = PaywallView.swift; sourceTree = "<group>"; };
		B10026 /* SplitCamProducts.storekit */ = {isa = PBXFileReference; lastKnownFileType = text; path = SplitCamProducts.storekit; sourceTree = "<group>"; };
		B10027 /* String+L10n.swift */ = {isa = PBXFileReference; lastKnownFileType = sourcecode.swift; path = "String+L10n.swift"; sourceTree = "<group>"; };
		B10028 /* PrivacyInfo.xcprivacy */ = {isa = PBXFileReference; lastKnownFileType = text.xml; path = PrivacyInfo.xcprivacy; sourceTree = "<group>"; };
		V10002 /* zh-Hans */ = {isa = PBXFileReference; lastKnownFileType = text.plist.strings; name = "zh-Hans"; path = "zh-Hans.lproj/Localizable.strings"; sourceTree = "<group>"; };
		V10003 /* en */ = {isa = PBXFileReference; lastKnownFileType = text.plist.strings; name = en; path = en.lproj/Localizable.strings; sourceTree = "<group>"; };
		V10005 /* zh-Hans */ = {isa = PBXFileReference; lastKnownFileType = text.plist.strings; name = "zh-Hans"; path = "zh-Hans.lproj/InfoPlist.strings"; sourceTree = "<group>"; };
		V10006 /* en */ = {isa = PBXFileReference; lastKnownFileType = text.plist.strings; name = en; path = en.lproj/InfoPlist.strings; sourceTree = "<group>"; };
/* End PBXFileReference section */

/* Begin PBXFrameworksBuildPhase section */
		C10001 /* Frameworks */ = {
			isa = PBXFrameworksBuildPhase;
			buildActionMask = 2147483647;
			files = (
				4A05E8732F79607300B5F334 /* StoreKit.framework in Frameworks */,
			);
			runOnlyForDeploymentPostprocessing = 0;
		};
/* End PBXFrameworksBuildPhase section */

/* Begin PBXGroup section */
		4A05E8712F79607300B5F334 /* Frameworks */ = {
			isa = PBXGroup;
			children = (
				4A05E8722F79607300B5F334 /* StoreKit.framework */,
			);
			name = Frameworks;
			sourceTree = "<group>";
		};
		D10000 = {
			isa = PBXGroup;
			children = (
				4A05E8742F7960FB00B5F334 /* SplitCamX.storekit */,
				4A05E8702F79604800B5F334 /* SplitCamRelease.entitlements */,
				4A21732D2F74072D0017A261 /* SplitCamProducts.storekit */,
				D10001,
				4A05E8712F79607300B5F334 /* Frameworks */,
				D10099 /* Products */,
			);
			sourceTree = "<group>";
		};
		D10001 = {
			isa = PBXGroup;
			children = (
				D10002 /* App */,
				D10003 /* Features */,
				D10008 /* Core */,
				D10013 /* Shared */,
				D10018 /* Resources */,
				B10021 /* Info.plist */,
			);
			sourceTree = "<group>";
		};
		D10002 /* App */ = {
			isa = PBXGroup;
			children = (
				B10001 /* SplitCamApp.swift */,
				B10002 /* AppCoordinator.swift */,
			);
			path = App;
			sourceTree = "<group>";
		};
		D10003 /* Features */ = {
			isa = PBXGroup;
			children = (
				D10004 /* Home */,
				D10005 /* Camera */,
				D10006 /* Editor */,
				D10007 /* Export */,
				D10020 /* Gallery */,
			);
			path = Features;
			sourceTree = "<group>";
		};
		D10004 /* Home */ = {
			isa = PBXGroup;
			children = (
				B10008 /* HomeView.swift */,
			);
			path = Home;
			sourceTree = "<group>";
		};
		D10005 /* Camera */ = {
			isa = PBXGroup;
			children = (
				B10009 /* CameraView.swift */,
				B10010 /* CameraViewModel.swift */,
			);
			path = Camera;
			sourceTree = "<group>";
		};
		D10006 /* Editor */ = {
			isa = PBXGroup;
			children = (
				B10011 /* EditorView.swift */,
				B10012 /* EditorViewModel.swift */,
			);
			path = Editor;
			sourceTree = "<group>";
		};
		D10007 /* Export */ = {
			isa = PBXGroup;
			children = (
				B10013 /* ExportView.swift */,
				B10014 /* ExportViewModel.swift */,
			);
			path = Export;
			sourceTree = "<group>";
		};
		D10008 /* Core */ = {
			isa = PBXGroup;
			children = (
				D10009 /* CameraEngine */,
				D10010 /* SplitLayout */,
				D10011 /* VideoComposer */,
				D10012 /* MediaImporter */,
				D10019 /* MediaStore */,
				D10021 /* Subscription */,
			);
			path = Core;
			sourceTree = "<group>";
		};
		D10009 /* CameraEngine */ = {
			isa = PBXGroup;
			children = (
				B10003 /* CameraEngine.swift */,
			);
			path = CameraEngine;
			sourceTree = "<group>";
		};
		D10010 /* SplitLayout */ = {
			isa = PBXGroup;
			children = (
				B10004 /* SplitLayoutEngine.swift */,
				B10005 /* SplitPreviewView.swift */,
			);
			path = SplitLayout;
			sourceTree = "<group>";
		};
		D10011 /* VideoComposer */ = {
			isa = PBXGroup;
			children = (
				B10006 /* VideoComposer.swift */,
			);
			path = VideoComposer;
			sourceTree = "<group>";
		};
		D10012 /* MediaImporter */ = {
			isa = PBXGroup;
			children = (
				B10007 /* MediaImporter.swift */,
			);
			path = MediaImporter;
			sourceTree = "<group>";
		};
		D10013 /* Shared */ = {
			isa = PBXGroup;
			children = (
				D10014 /* Components */,
				D10015 /* Extensions */,
				D10016 /* Utils */,
			);
			path = Shared;
			sourceTree = "<group>";
		};
		D10014 /* Components */ = {
			isa = PBXGroup;
			children = (
				B10015 /* SampleBufferDisplayView.swift */,
				B10016 /* VideoPlayerView.swift */,
				B10017 /* ShareSheet.swift */,
			);
			path = Components;
			sourceTree = "<group>";
		};
		D10015 /* Extensions */ = {
			isa = PBXGroup;
			children = (
				B10018 /* Color+Hex.swift */,
				B10027 /* String+L10n.swift */,
			);
			path = Extensions;
			sourceTree = "<group>";
		};
		D10016 /* Utils */ = {
			isa = PBXGroup;
			children = (
				B10019 /* DeviceCapability.swift */,
			);
			path = Utils;
			sourceTree = "<group>";
		};
		D10018 /* Resources */ = {
			isa = PBXGroup;
			children = (
				B10020 /* Assets.xcassets */,
				V10001 /* Localizable.strings */,
				V10004 /* InfoPlist.strings */,
				B10028 /* PrivacyInfo.xcprivacy */,
			);
			path = Resources;
			sourceTree = "<group>";
		};
		D10019 /* MediaStore */ = {
			isa = PBXGroup;
			children = (
				B10022 /* MediaStore.swift */,
			);
			path = MediaStore;
			sourceTree = "<group>";
		};
		D10020 /* Gallery */ = {
			isa = PBXGroup;
			children = (
				B10023 /* GalleryView.swift */,
			);
			path = Gallery;
			sourceTree = "<group>";
		};
		D10021 /* Subscription */ = {
			isa = PBXGroup;
			children = (
				B10024 /* SubscriptionManager.swift */,
				B10025 /* PaywallView.swift */,
				B10026 /* SplitCamProducts.storekit */,
			);
			path = Subscription;
			sourceTree = "<group>";
		};
		D10099 /* Products */ = {
			isa = PBXGroup;
			children = (
				B10000 /* SplitCam.app */,
			);
			name = Products;
			sourceTree = "<group>";
		};
/* End PBXGroup section */

/* Begin PBXNativeTarget section */
		E10001 /* SplitCam */ = {
			isa = PBXNativeTarget;
			buildConfigurationList = F10003 /* Build configuration list for PBXNativeTarget "SplitCam" */;
			buildPhases = (
				C10002 /* Sources */,
				C10001 /* Frameworks */,
				C10003 /* Resources */,
			);
			buildRules = (
			);
			dependencies = (
			);
			name = SplitCam;
			productName = SplitCam;
			productReference = B10000 /* SplitCam.app */;
			productType = "com.apple.product-type.application";
		};
/* End PBXNativeTarget section */

/* Begin PBXProject section */
		E10000 /* Project object */ = {
			isa = PBXProject;
			attributes = {
				BuildIndependentTargetsInParallel = 1;
				LastSwiftUpdateCheck = 1540;
				LastUpgradeCheck = 2630;
				TargetAttributes = {
					E10001 = {
						CreatedOnToolsVersion = 15.4;
					};
				};
			};
			buildConfigurationList = F10001 /* Build configuration list for PBXProject "SplitCam" */;
			compatibilityVersion = "Xcode 14.0";
			developmentRegion = "zh-Hans";
			hasScannedForEncodings = 0;
			knownRegions = (
				en,
				"zh-Hans",
				Base,
			);
			mainGroup = D10000;
			productRefGroup = D10099 /* Products */;
			projectDirPath = "";
			projectRoot = "";
			targets = (
				E10001 /* SplitCam */,
			);
		};
/* End PBXProject section */

/* Begin PBXResourcesBuildPhase section */
		C10003 /* Resources */ = {
			isa = PBXResourcesBuildPhase;
			buildActionMask = 2147483647;
			files = (
				4A05E8752F7960FB00B5F334 /* SplitCamX.storekit in Resources */,
				A10020 /* Assets.xcassets in Resources */,
				A10026 /* Localizable.strings in Resources */,
				A10027 /* PrivacyInfo.xcprivacy in Resources */,
				A10028 /* InfoPlist.strings in Resources */,
			);
			runOnlyForDeploymentPostprocessing = 0;
		};
/* End PBXResourcesBuildPhase section */

/* Begin PBXSourcesBuildPhase section */
		C10002 /* Sources */ = {
			isa = PBXSourcesBuildPhase;
			buildActionMask = 2147483647;
			files = (
				A10001 /* SplitCamApp.swift in Sources */,
				A10002 /* AppCoordinator.swift in Sources */,
				A10003 /* CameraEngine.swift in Sources */,
				A10004 /* SplitLayoutEngine.swift in Sources */,
				A10005 /* SplitPreviewView.swift in Sources */,
				A10006 /* VideoComposer.swift in Sources */,
				A10007 /* MediaImporter.swift in Sources */,
				A10008 /* HomeView.swift in Sources */,
				A10009 /* CameraView.swift in Sources */,
				A10010 /* CameraViewModel.swift in Sources */,
				A10011 /* EditorView.swift in Sources */,
				A10012 /* EditorViewModel.swift in Sources */,
				A10013 /* ExportView.swift in Sources */,
				A10014 /* ExportViewModel.swift in Sources */,
				A10015 /* SampleBufferDisplayView.swift in Sources */,
				A10016 /* VideoPlayerView.swift in Sources */,
				A10017 /* ShareSheet.swift in Sources */,
				A10018 /* Color+Hex.swift in Sources */,
				A10019 /* DeviceCapability.swift in Sources */,
				A10021 /* MediaStore.swift in Sources */,
				A10022 /* GalleryView.swift in Sources */,
				A10023 /* SubscriptionManager.swift in Sources */,
				A10024 /* PaywallView.swift in Sources */,
				A10025 /* String+L10n.swift in Sources */,
			);
			runOnlyForDeploymentPostprocessing = 0;
		};
/* End PBXSourcesBuildPhase section */

/* Begin PBXVariantGroup section */
		V10001 /* Localizable.strings */ = {
			isa = PBXVariantGroup;
			children = (
				V10002 /* zh-Hans */,
				V10003 /* en */,
			);
			name = Localizable.strings;
			sourceTree = "<group>";
		};
		V10004 /* InfoPlist.strings */ = {
			isa = PBXVariantGroup;
			children = (
				V10005 /* zh-Hans */,
				V10006 /* en */,
			);
			name = InfoPlist.strings;
			sourceTree = "<group>";
		};
/* End PBXVariantGroup section */

/* Begin XCBuildConfiguration section */
		F10010 /* Debug */ = {
			isa = XCBuildConfiguration;
			buildSettings = {
				ALWAYS_SEARCH_USER_PATHS = NO;
				ASSETCATALOG_COMPILER_GENERATE_SWIFT_ASSET_SYMBOL_EXTENSIONS = YES;
				CLANG_ANALYZER_LOCALIZABILITY_NONLOCALIZED = YES;
				CLANG_ANALYZER_NONNULL = YES;
				CLANG_ANALYZER_NUMBER_OBJECT_CONVERSION = YES_AGGRESSIVE;
				CLANG_CXX_LANGUAGE_STANDARD = "gnu++20";
				CLANG_ENABLE_MODULES = YES;
				CLANG_ENABLE_OBJC_ARC = YES;
				CLANG_ENABLE_OBJC_WEAK = YES;
				CLANG_WARN_BLOCK_CAPTURE_AUTORELEASING = YES;
				CLANG_WARN_BOOL_CONVERSION = YES;
				CLANG_WARN_COMMA = YES;
				CLANG_WARN_CONSTANT_CONVERSION = YES;
				CLANG_WARN_DEPRECATED_OBJC_IMPLEMENTATIONS = YES;
				CLANG_WARN_DIRECT_OBJC_ISA_USAGE = YES_ERROR;
				CLANG_WARN_DOCUMENTATION_COMMENTS = YES;
				CLANG_WARN_EMPTY_BODY = YES;
				CLANG_WARN_ENUM_CONVERSION = YES;
				CLANG_WARN_INFINITE_RECURSION = YES;
				CLANG_WARN_INT_CONVERSION = YES;
				CLANG_WARN_NON_LITERAL_NULL_CONVERSION = YES;
				CLANG_WARN_OBJC_IMPLICIT_RETAIN_SELF = YES;
				CLANG_WARN_OBJC_LITERAL_CONVERSION = YES;
				CLANG_WARN_OBJC_ROOT_CLASS = YES_ERROR;
				CLANG_WARN_QUOTED_INCLUDE_IN_FRAMEWORK_HEADER = YES;
				CLANG_WARN_RANGE_LOOP_ANALYSIS = YES;
				CLANG_WARN_STRICT_PROTOTYPES = YES;
				CLANG_WARN_SUSPICIOUS_MOVE = YES;
				CLANG_WARN_UNGUARDED_AVAILABILITY = YES_AGGRESSIVE;
				CLANG_WARN_UNREACHABLE_CODE = YES;
				CLANG_WARN__DUPLICATE_METHOD_MATCH = YES;
				COPY_PHASE_STRIP = NO;
				DEBUG_INFORMATION_FORMAT = dwarf;
				DEVELOPMENT_TEAM = QDUKRQ9C38;
				ENABLE_STRICT_OBJC_MSGSEND = YES;
				ENABLE_TESTABILITY = YES;
				ENABLE_USER_SCRIPT_SANDBOXING = YES;
				GCC_C_LANGUAGE_STANDARD = gnu17;
				GCC_DYNAMIC_NO_PIC = NO;
				GCC_NO_COMMON_BLOCKS = YES;
				GCC_OPTIMIZATION_LEVEL = 0;
				GCC_PREPROCESSOR_DEFINITIONS = (
					"DEBUG=1",
					"$(inherited)",
				);
				GCC_WARN_64_TO_32_BIT_CONVERSION = YES;
				GCC_WARN_ABOUT_RETURN_TYPE = YES_ERROR;
				GCC_WARN_UNDECLARED_SELECTOR = YES;
				GCC_WARN_UNINITIALIZED_AUTOS = YES_AGGRESSIVE;
				GCC_WARN_UNUSED_FUNCTION = YES;
				GCC_WARN_UNUSED_VARIABLE = YES;
				IPHONEOS_DEPLOYMENT_TARGET = 16.0;
				MTL_ENABLE_DEBUG_INFO = INCLUDE_SOURCE;
				MTL_FAST_MATH = YES;
				ONLY_ACTIVE_ARCH = YES;
				SDKROOT = iphoneos;
				STRING_CATALOG_GENERATE_SYMBOLS = YES;
				SWIFT_ACTIVE_COMPILATION_CONDITIONS = "DEBUG $(inherited)";
				SWIFT_OPTIMIZATION_LEVEL = "-Onone";
			};
			name = Debug;
		};
		F10011 /* Release */ = {
			isa = XCBuildConfiguration;
			buildSettings = {
				ALWAYS_SEARCH_USER_PATHS = NO;
				ASSETCATALOG_COMPILER_GENERATE_SWIFT_ASSET_SYMBOL_EXTENSIONS = YES;
				CLANG_ANALYZER_LOCALIZABILITY_NONLOCALIZED = YES;
				CLANG_ANALYZER_NONNULL = YES;
				CLANG_ANALYZER_NUMBER_OBJECT_CONVERSION = YES_AGGRESSIVE;
				CLANG_CXX_LANGUAGE_STANDARD = "gnu++20";
				CLANG_ENABLE_MODULES = YES;
				CLANG_ENABLE_OBJC_ARC = YES;
				CLANG_ENABLE_OBJC_WEAK = YES;
				CLANG_WARN_BLOCK_CAPTURE_AUTORELEASING = YES;
				CLANG_WARN_BOOL_CONVERSION = YES;
				CLANG_WARN_COMMA = YES;
				CLANG_WARN_CONSTANT_CONVERSION = YES;
				CLANG_WARN_DEPRECATED_OBJC_IMPLEMENTATIONS = YES;
				CLANG_WARN_DIRECT_OBJC_ISA_USAGE = YES_ERROR;
				CLANG_WARN_DOCUMENTATION_COMMENTS = YES;
				CLANG_WARN_EMPTY_BODY = YES;
				CLANG_WARN_ENUM_CONVERSION = YES;
				CLANG_WARN_INFINITE_RECURSION = YES;
				CLANG_WARN_INT_CONVERSION = YES;
				CLANG_WARN_NON_LITERAL_NULL_CONVERSION = YES;
				CLANG_WARN_OBJC_IMPLICIT_RETAIN_SELF = YES;
				CLANG_WARN_OBJC_LITERAL_CONVERSION = YES;
				CLANG_WARN_OBJC_ROOT_CLASS = YES_ERROR;
				CLANG_WARN_QUOTED_INCLUDE_IN_FRAMEWORK_HEADER = YES;
				CLANG_WARN_RANGE_LOOP_ANALYSIS = YES;
				CLANG_WARN_STRICT_PROTOTYPES = YES;
				CLANG_WARN_SUSPICIOUS_MOVE = YES;
				CLANG_WARN_UNGUARDED_AVAILABILITY = YES_AGGRESSIVE;
				CLANG_WARN_UNREACHABLE_CODE = YES;
				CLANG_WARN__DUPLICATE_METHOD_MATCH = YES;
				COPY_PHASE_STRIP = NO;
				DEBUG_INFORMATION_FORMAT = "dwarf-with-dsym";
				DEVELOPMENT_TEAM = QDUKRQ9C38;
				ENABLE_NS_ASSERTIONS = NO;
				ENABLE_STRICT_OBJC_MSGSEND = YES;
				ENABLE_USER_SCRIPT_SANDBOXING = YES;
				GCC_C_LANGUAGE_STANDARD = gnu17;
				GCC_NO_COMMON_BLOCKS = YES;
				GCC_WARN_64_TO_32_BIT_CONVERSION = YES;
				GCC_WARN_ABOUT_RETURN_TYPE = YES_ERROR;
				GCC_WARN_UNDECLARED_SELECTOR = YES;
				GCC_WARN_UNINITIALIZED_AUTOS = YES_AGGRESSIVE;
				GCC_WARN_UNUSED_FUNCTION = YES;
				GCC_WARN_UNUSED_VARIABLE = YES;
				IPHONEOS_DEPLOYMENT_TARGET = 16.0;
				MTL_ENABLE_DEBUG_INFO = NO;
				MTL_FAST_MATH = YES;
				SDKROOT = iphoneos;
				STRING_CATALOG_GENERATE_SYMBOLS = YES;
				SWIFT_COMPILATION_MODE = wholemodule;
				VALIDATE_PRODUCT = YES;
			};
			name = Release;
		};
		F10012 /* Debug */ = {
			isa = XCBuildConfiguration;
			buildSettings = {
				ASSETCATALOG_COMPILER_APPICON_NAME = AppIcon;
				ASSETCATALOG_COMPILER_GLOBAL_ACCENT_COLOR_NAME = AccentColor;
				CODE_SIGN_STYLE = Automatic;
				CURRENT_PROJECT_VERSION = 5;
				DEVELOPMENT_TEAM = ZM8LF8494F;
				GENERATE_INFOPLIST_FILE = NO;
				INFOPLIST_FILE = Info.plist;
				INFOPLIST_KEY_CFBundleDisplayName = SplitCam;
				INFOPLIST_KEY_LSApplicationCategoryType = "public.app-category.photography";
				INFOPLIST_KEY_UIApplicationSceneManifest_Generation = YES;
				INFOPLIST_KEY_UIApplicationSupportsIndirectInputEvents = YES;
				INFOPLIST_KEY_UIStatusBarStyle = UIStatusBarStyleLightContent;
				INFOPLIST_KEY_UISupportedInterfaceOrientations = UIInterfaceOrientationPortrait;
				LD_RUNPATH_SEARCH_PATHS = (
					"$(inherited)",
					"@executable_path/Frameworks",
				);
				MARKETING_VERSION = 1.4;
				PRODUCT_BUNDLE_IDENTIFIER = com.flinter.splitcam;
				PRODUCT_NAME = "$(TARGET_NAME)";
				SUPPORTED_PLATFORMS = "iphoneos iphonesimulator";
				SUPPORTS_MACCATALYST = NO;
				SUPPORTS_XR_DESIGNED_FOR_IPHONE_IPAD = NO;
				SWIFT_EMIT_LOC_STRINGS = YES;
				SWIFT_VERSION = 5.0;
				TARGETED_DEVICE_FAMILY = 1;
			};
			name = Debug;
		};
		F10013 /* Release */ = {
			isa = XCBuildConfiguration;
			buildSettings = {
				ASSETCATALOG_COMPILER_APPICON_NAME = AppIcon;
				ASSETCATALOG_COMPILER_GLOBAL_ACCENT_COLOR_NAME = AccentColor;
				CODE_SIGN_ENTITLEMENTS = SplitCamRelease.entitlements;
				CODE_SIGN_STYLE = Automatic;
				CURRENT_PROJECT_VERSION = 5;
				DEVELOPMENT_TEAM = ZM8LF8494F;
				GENERATE_INFOPLIST_FILE = NO;
				INFOPLIST_FILE = Info.plist;
				INFOPLIST_KEY_CFBundleDisplayName = SplitCam;
				INFOPLIST_KEY_LSApplicationCategoryType = "public.app-category.photography";
				INFOPLIST_KEY_UIApplicationSceneManifest_Generation = YES;
				INFOPLIST_KEY_UIApplicationSupportsIndirectInputEvents = YES;
				INFOPLIST_KEY_UIStatusBarStyle = UIStatusBarStyleLightContent;
				INFOPLIST_KEY_UISupportedInterfaceOrientations = UIInterfaceOrientationPortrait;
				LD_RUNPATH_SEARCH_PATHS = (
					"$(inherited)",
					"@executable_path/Frameworks",
				);
				MARKETING_VERSION = 1.4;
				PRODUCT_BUNDLE_IDENTIFIER = com.flinter.splitcam;
				PRODUCT_NAME = "$(TARGET_NAME)";
				SUPPORTED_PLATFORMS = "iphoneos iphonesimulator";
				SUPPORTS_MACCATALYST = NO;
				SUPPORTS_XR_DESIGNED_FOR_IPHONE_IPAD = NO;
				SWIFT_EMIT_LOC_STRINGS = YES;
				SWIFT_VERSION = 5.0;
				TARGETED_DEVICE_FAMILY = 1;
			};
			name = Release;
		};
/* End XCBuildConfiguration section */

/* Begin XCConfigurationList section */
		F10001 /* Build configuration list for PBXProject "SplitCam" */ = {
			isa = XCConfigurationList;
			buildConfigurations = (
				F10010 /* Debug */,
				F10011 /* Release */,
			);
			defaultConfigurationIsVisible = 0;
			defaultConfigurationName = Release;
		};
		F10003 /* Build configuration list for PBXNativeTarget "SplitCam" */ = {
			isa = XCConfigurationList;
			buildConfigurations = (
				F10012 /* Debug */,
				F10013 /* Release */,
			);
			defaultConfigurationIsVisible = 0;
			defaultConfigurationName = Release;
		};
/* End XCConfigurationList section */
	};
	rootObject = E10000 /* Project object */;
}
